{
  "name": "userscripts",
  "version": "1.0.0",
  "lockfileVersion": 3,
  "requires": true,
  "packages": {
    "": {
      "name": "userscripts",
      "version": "1.0.0",
      "license": "ISC",
      "devDependencies": {
        "@types/firemonkey-browser": "^2.62.0"
      }
    },
    "node_modules/@types/firemonkey-browser": {
      "version": "2.62.0",
      "resolved": "https://registry.npmjs.org/@types/firemonkey-browser/-/firemonkey-browser-2.62.0.tgz",
      "integrity": "sha512-ygZNyYfbA6SWDHNQZq1kJ8SwfUNvhcbjHoV1TDFVWhA3iDk5j/Is7AGrpY+TgpTx1oZ5KRq/ItXOvqbOvUlgtA==",
      "dev": true
    }
  }
}
